// !$*UTF8*$!
{
	archiveVersion = 1;
	classes = {
	};
	objectVersion = 55;
	objects = {

/* Begin PBXBuildFile section */
		8F1A7D9028E5C5CE00F28ACE /* addItemView.swift in Sources */ = {isa = PBXBuildFile; fileRef = 8F1A7D8F28E5C5CE00F28ACE /* addItemView.swift */; };
		8F71B4A728E8830500325F5E /* addGroupView.swift in Sources */ = {isa = PBXBuildFile; fileRef = 8F71B4A628E8830500325F5E /* addGroupView.swift */; };
		8F71B4A928E8863700325F5E /* userDataStruct.swift in Sources */ = {isa = PBXBuildFile; fileRef = 8F71B4A828E8863700325F5E /* userDataStruct.swift */; };
		8F71B4B328EB389E00325F5E /* addPeopleView.swift in Sources */ = {isa = PBXBuildFile; fileRef = 8F71B4B228EB389E00325F5E /* addPeopleView.swift */; };
		8F71FA8228C0E21700079195 /* accounting_book_appApp.swift in Sources */ = {isa = PBXBuildFile; fileRef = 8F71FA8128C0E21700079195 /* accounting_book_appApp.swift */; };
		8F71FA8628C0E21800079195 /* Assets.xcassets in Resources */ = {isa = PBXBuildFile; fileRef = 8F71FA8528C0E21800079195 /* Assets.xcassets */; };
		8F71FA8928C0E21800079195 /* Preview Assets.xcassets in Resources */ = {isa = PBXBuildFile; fileRef = 8F71FA8828C0E21800079195 /* Preview Assets.xcassets */; };
		8F71FA9328C0E21800079195 /* accounting_book_appTests.swift in Sources */ = {isa = PBXBuildFile; fileRef = 8F71FA9228C0E21800079195 /* accounting_book_appTests.swift */; };
		8F71FA9D28C0E21800079195 /* accounting_book_appUITests.swift in Sources */ = {isa = PBXBuildFile; fileRef = 8F71FA9C28C0E21800079195 /* accounting_book_appUITests.swift */; };
		8F71FA9F28C0E21800079195 /* accounting_book_appUITestsLaunchTests.swift in Sources */ = {isa = PBXBuildFile; fileRef = 8F71FA9E28C0E21800079195 /* accounting_book_appUITestsLaunchTests.swift */; };
		8FA4765E28C7768200986524 /* FirstView.swift in Sources */ = {isa = PBXBuildFile; fileRef = 8FA4765D28C7768200986524 /* FirstView.swift */; };
		8FA4766228C7769500986524 /* ItemView.swift in Sources */ = {isa = PBXBuildFile; fileRef = 8FA4766128C7769500986524 /* ItemView.swift */; };
		8FFE30D528C0E40800D8A66D /* creatFile.swift in Sources */ = {isa = PBXBuildFile; fileRef = 8FFE30D428C0E40800D8A66D /* creatFile.swift */; };
		8FFE30D728C0E48D00D8A66D /* peopleStruct.swift in Sources */ = {isa = PBXBuildFile; fileRef = 8FFE30D628C0E48D00D8A66D /* peopleStruct.swift */; };
		A0AFD18F28C6226000E354C1 /* addGroup.swift in Sources */ = {isa = PBXBuildFile; fileRef = A0AFD18E28C6226000E354C1 /* addGroup.swift */; };
		A0AFD19128C6232100E354C1 /* groupStruct.swift in Sources */ = {isa = PBXBuildFile; fileRef = A0AFD19028C6232100E354C1 /* groupStruct.swift */; };
		A0AFD19328C6232F00E354C1 /* itemStruct.swift in Sources */ = {isa = PBXBuildFile; fileRef = A0AFD19228C6232F00E354C1 /* itemStruct.swift */; };
		A0AFD19528C6244600E354C1 /* Home.swift in Sources */ = {isa = PBXBuildFile; fileRef = A0AFD19428C6244600E354C1 /* Home.swift */; };
		A0AFD19728C6244F00E354C1 /* groupView.swift in Sources */ = {isa = PBXBuildFile; fileRef = A0AFD19628C6244F00E354C1 /* groupView.swift */; };
/* End PBXBuildFile section */

/* Begin PBXContainerItemProxy section */
		8F71FA8F28C0E21800079195 /* PBXContainerItemProxy */ = {
			isa = PBXContainerItemProxy;
			containerPortal = 8F71FA7628C0E21700079195 /* Project object */;
			proxyType = 1;
			remoteGlobalIDString = 8F71FA7D28C0E21700079195;
			remoteInfo = accounting_book_app;
		};
		8F71FA9928C0E21800079195 /* PBXContainerItemProxy */ = {
			isa = PBXContainerItemProxy;
			containerPortal = 8F71FA7628C0E21700079195 /* Project object */;
			proxyType = 1;
			remoteGlobalIDString = 8F71FA7D28C0E21700079195;
			remoteInfo = accounting_book_app;
		};
/* End PBXContainerItemProxy section */

/* Begin PBXFileReference section */
		8F1A7D8F28E5C5CE00F28ACE /* addItemView.swift */ = {isa = PBXFileReference; lastKnownFileType = sourcecode.swift; path = addItemView.swift; sourceTree = "<group>"; };
		8F71B4A628E8830500325F5E /* addGroupView.swift */ = {isa = PBXFileReference; lastKnownFileType = sourcecode.swift; path = addGroupView.swift; sourceTree = "<group>"; };
		8F71B4A828E8863700325F5E /* userDataStruct.swift */ = {isa = PBXFileReference; lastKnownFileType = sourcecode.swift; path = userDataStruct.swift; sourceTree = "<group>"; };
		8F71B4B228EB389E00325F5E /* addPeopleView.swift */ = {isa = PBXFileReference; lastKnownFileType = sourcecode.swift; path = addPeopleView.swift; sourceTree = "<group>"; };
		8F71FA7E28C0E21700079195 /* accounting_book_app.app */ = {isa = PBXFileReference; explicitFileType = wrapper.application; includeInIndex = 0; path = accounting_book_app.app; sourceTree = BUILT_PRODUCTS_DIR; };
		8F71FA8128C0E21700079195 /* accounting_book_appApp.swift */ = {isa = PBXFileReference; lastKnownFileType = sourcecode.swift; path = accounting_book_appApp.swift; sourceTree = "<group>"; };
		8F71FA8528C0E21800079195 /* Assets.xcassets */ = {isa = PBXFileReference; lastKnownFileType = folder.assetcatalog; path = Assets.xcassets; sourceTree = "<group>"; };
		8F71FA8828C0E21800079195 /* Preview Assets.xcassets */ = {isa = PBXFileReference; lastKnownFileType = folder.assetcatalog; path = "Preview Assets.xcassets"; sourceTree = "<group>"; };
		8F71FA8E28C0E21800079195 /* accounting_book_appTests.xctest */ = {isa = PBXFileReference; explicitFileType = wrapper.cfbundle; includeInIndex = 0; path = accounting_book_appTests.xctest; sourceTree = BUILT_PRODUCTS_DIR; };
		8F71FA9228C0E21800079195 /* accounting_book_appTests.swift */ = {isa = PBXFileReference; lastKnownFileType = sourcecode.swift; path = accounting_book_appTests.swift; sourceTree = "<group>"; };
		8F71FA9828C0E21800079195 /* accounting_book_appUITests.xctest */ = {isa = PBXFileReference; explicitFileType = wrapper.cfbundle; includeInIndex = 0; path = accounting_book_appUITests.xctest; sourceTree = BUILT_PRODUCTS_DIR; };
		8F71FA9C28C0E21800079195 /* accounting_book_appUITests.swift */ = {isa = PBXFileReference; lastKnownFileType = sourcecode.swift; path = accounting_book_appUITests.swift; sourceTree = "<group>"; };
		8F71FA9E28C0E21800079195 /* accounting_book_appUITestsLaunchTests.swift */ = {isa = PBXFileReference; lastKnownFileType = sourcecode.swift; path = accounting_book_appUITestsLaunchTests.swift; sourceTree = "<group>"; };
		8FA4765D28C7768200986524 /* FirstView.swift */ = {isa = PBXFileReference; fileEncoding = 4; lastKnownFileType = sourcecode.swift; path = FirstView.swift; sourceTree = "<group>"; };
		8FA4766128C7769500986524 /* ItemView.swift */ = {isa = PBXFileReference; fileEncoding = 4; lastKnownFileType = sourcecode.swift; path = ItemView.swift; sourceTree = "<group>"; };
		8FFE30D428C0E40800D8A66D /* creatFile.swift */ = {isa = PBXFileReference; lastKnownFileType = sourcecode.swift; path = creatFile.swift; sourceTree = "<group>"; };
		8FFE30D628C0E48D00D8A66D /* peopleStruct.swift */ = {isa = PBXFileReference; lastKnownFileType = sourcecode.swift; path = peopleStruct.swift; sourceTree = "<group>"; };
		A0AFD18E28C6226000E354C1 /* addGroup.swift */ = {isa = PBXFileReference; fileEncoding = 4; lastKnownFileType = sourcecode.swift; path = addGroup.swift; sourceTree = "<group>"; };
		A0AFD19028C6232100E354C1 /* groupStruct.swift */ = {isa = PBXFileReference; fileEncoding = 4; lastKnownFileType = sourcecode.swift; path = groupStruct.swift; sourceTree = "<group>"; };
		A0AFD19228C6232F00E354C1 /* itemStruct.swift */ = {isa = PBXFileReference; fileEncoding = 4; lastKnownFileType = sourcecode.swift; path = itemStruct.swift; sourceTree = "<group>"; };
		A0AFD19428C6244600E354C1 /* Home.swift */ = {isa = PBXFileReference; fileEncoding = 4; lastKnownFileType = sourcecode.swift; path = Home.swift; sourceTree = "<group>"; };
		A0AFD19628C6244F00E354C1 /* groupView.swift */ = {isa = PBXFileReference; fileEncoding = 4; lastKnownFileType = sourcecode.swift; path = groupView.swift; sourceTree = "<group>"; };
		A0AFD19A28C624A300E354C1 /* itemStruct.swift */ = {isa = PBXFileReference; fileEncoding = 4; lastKnownFileType = sourcecode.swift; path = itemStruct.swift; sourceTree = "<group>"; };
/* End PBXFileReference section */

/* Begin PBXFrameworksBuildPhase section */
		8F71FA7B28C0E21700079195 /* Frameworks */ = {
			isa = PBXFrameworksBuildPhase;
			buildActionMask = 2147483647;
			files = (
			);
			runOnlyForDeploymentPostprocessing = 0;
		};
		8F71FA8B28C0E21800079195 /* Frameworks */ = {
			isa = PBXFrameworksBuildPhase;
			buildActionMask = 2147483647;
			files = (
			);
			runOnlyForDeploymentPostprocessing = 0;
		};
		8F71FA9528C0E21800079195 /* Frameworks */ = {
			isa = PBXFrameworksBuildPhase;
			buildActionMask = 2147483647;
			files = (
			);
			runOnlyForDeploymentPostprocessing = 0;
		};
/* End PBXFrameworksBuildPhase section */

/* Begin PBXGroup section */
		8F71FA7528C0E21700079195 = {
			isa = PBXGroup;
			children = (
				8F71FA8028C0E21700079195 /* accounting_book_app */,
				8F71FA9128C0E21800079195 /* accounting_book_appTests */,
				8F71FA9B28C0E21800079195 /* accounting_book_appUITests */,
				8F71FA7F28C0E21700079195 /* Products */,
				A041775E28C78E78008A2B71 /* Recovered References */,
			);
			sourceTree = "<group>";
		};
		8F71FA7F28C0E21700079195 /* Products */ = {
			isa = PBXGroup;
			children = (
				8F71FA7E28C0E21700079195 /* accounting_book_app.app */,
				8F71FA8E28C0E21800079195 /* accounting_book_appTests.xctest */,
				8F71FA9828C0E21800079195 /* accounting_book_appUITests.xctest */,
			);
			name = Products;
			sourceTree = "<group>";
		};
		8F71FA8028C0E21700079195 /* accounting_book_app */ = {
			isa = PBXGroup;
			children = (
				8F71FA8128C0E21700079195 /* accounting_book_appApp.swift */,
				A0AFD19428C6244600E354C1 /* Home.swift */,
				A0AFD19628C6244F00E354C1 /* groupView.swift */,
				8FA4766128C7769500986524 /* ItemView.swift */,
				8FA4765D28C7768200986524 /* FirstView.swift */,
				8F1A7D8F28E5C5CE00F28ACE /* addItemView.swift */,
				A0AFD18E28C6226000E354C1 /* addGroup.swift */,
				8FFE30D428C0E40800D8A66D /* creatFile.swift */,
				8FFE30D628C0E48D00D8A66D /* peopleStruct.swift */,
				A0AFD19028C6232100E354C1 /* groupStruct.swift */,
				A0AFD19228C6232F00E354C1 /* itemStruct.swift */,
				8F71B4A628E8830500325F5E /* addGroupView.swift */,
				8F71FA8528C0E21800079195 /* Assets.xcassets */,
				8F71FA8728C0E21800079195 /* Preview Content */,
				8F71B4A828E8863700325F5E /* userDataStruct.swift */,
				8F71B4B228EB389E00325F5E /* addPeopleView.swift */,
			);
			path = accounting_book_app;
			sourceTree = "<group>";
		};
		8F71FA8728C0E21800079195 /* Preview Content */ = {
			isa = PBXGroup;
			children = (
				8F71FA8828C0E21800079195 /* Preview Assets.xcassets */,
			);
			path = "Preview Content";
			sourceTree = "<group>";
		};
		8F71FA9128C0E21800079195 /* accounting_book_appTests */ = {
			isa = PBXGroup;
			children = (
				8F71FA9228C0E21800079195 /* accounting_book_appTests.swift */,
			);
			path = accounting_book_appTests;
			sourceTree = "<group>";
		};
		8F71FA9B28C0E21800079195 /* accounting_book_appUITests */ = {
			isa = PBXGroup;
			children = (
				8F71FA9C28C0E21800079195 /* accounting_book_appUITests.swift */,
				8F71FA9E28C0E21800079195 /* accounting_book_appUITestsLaunchTests.swift */,
			);
			path = accounting_book_appUITests;
			sourceTree = "<group>";
		};
		A041775E28C78E78008A2B71 /* Recovered References */ = {
			isa = PBXGroup;
			children = (
				A0AFD19A28C624A300E354C1 /* itemStruct.swift */,
			);
			name = "Recovered References";
			sourceTree = "<group>";
		};
/* End PBXGroup section */

/* Begin PBXNativeTarget section */
		8F71FA7D28C0E21700079195 /* accounting_book_app */ = {
			isa = PBXNativeTarget;
			buildConfigurationList = 8F71FAA228C0E21800079195 /* Build configuration list for PBXNativeTarget "accounting_book_app" */;
			buildPhases = (
				8F71FA7A28C0E21700079195 /* Sources */,
				8F71FA7B28C0E21700079195 /* Frameworks */,
				8F71FA7C28C0E21700079195 /* Resources */,
			);
			buildRules = (
			);
			dependencies = (
			);
			name = accounting_book_app;
			productName = accounting_book_app;
			productReference = 8F71FA7E28C0E21700079195 /* accounting_book_app.app */;
			productType = "com.apple.product-type.application";
		};
		8F71FA8D28C0E21800079195 /* accounting_book_appTests */ = {
			isa = PBXNativeTarget;
			buildConfigurationList = 8F71FAA528C0E21800079195 /* Build configuration list for PBXNativeTarget "accounting_book_appTests" */;
			buildPhases = (
				8F71FA8A28C0E21800079195 /* Sources */,
				8F71FA8B28C0E21800079195 /* Frameworks */,
				8F71FA8C28C0E21800079195 /* Resources */,
			);
			buildRules = (
			);
			dependencies = (
				8F71FA9028C0E21800079195 /* PBXTargetDependency */,
			);
			name = accounting_book_appTests;
			productName = accounting_book_appTests;
			productReference = 8F71FA8E28C0E21800079195 /* accounting_book_appTests.xctest */;
			productType = "com.apple.product-type.bundle.unit-test";
		};
		8F71FA9728C0E21800079195 /* accounting_book_appUITests */ = {
			isa = PBXNativeTarget;
			buildConfigurationList = 8F71FAA828C0E21800079195 /* Build configuration list for PBXNativeTarget "accounting_book_appUITests" */;
			buildPhases = (
				8F71FA9428C0E21800079195 /* Sources */,
				8F71FA9528C0E21800079195 /* Frameworks */,
				8F71FA9628C0E21800079195 /* Resources */,
			);
			buildRules = (
			);
			dependencies = (
				8F71FA9A28C0E21800079195 /* PBXTargetDependency */,
			);
			name = accounting_book_appUITests;
			productName = accounting_book_appUITests;
			productReference = 8F71FA9828C0E21800079195 /* accounting_book_appUITests.xctest */;
			productType = "com.apple.product-type.bundle.ui-testing";
		};
/* End PBXNativeTarget section */

/* Begin PBXProject section */
		8F71FA7628C0E21700079195 /* Project object */ = {
			isa = PBXProject;
			attributes = {
				BuildIndependentTargetsInParallel = 1;
				LastSwiftUpdateCheck = 1340;
				LastUpgradeCheck = 1340;
				TargetAttributes = {
					8F71FA7D28C0E21700079195 = {
						CreatedOnToolsVersion = 13.4.1;
					};
					8F71FA8D28C0E21800079195 = {
						CreatedOnToolsVersion = 13.4.1;
						TestTargetID = 8F71FA7D28C0E21700079195;
					};
					8F71FA9728C0E21800079195 = {
						CreatedOnToolsVersion = 13.4.1;
						TestTargetID = 8F71FA7D28C0E21700079195;
					};
				};
			};
			buildConfigurationList = 8F71FA7928C0E21700079195 /* Build configuration list for PBXProject "accounting_book_app" */;
			compatibilityVersion = "Xcode 13.0";
			developmentRegion = en;
			hasScannedForEncodings = 0;
			knownRegions = (
				en,
				Base,
			);
			mainGroup = 8F71FA7528C0E21700079195;
			productRefGroup = 8F71FA7F28C0E21700079195 /* Products */;
			projectDirPath = "";
			projectRoot = "";
			targets = (
				8F71FA7D28C0E21700079195 /* accounting_book_app */,
				8F71FA8D28C0E21800079195 /* accounting_book_appTests */,
				8F71FA9728C0E21800079195 /* accounting_book_appUITests */,
			);
		};
/* End PBXProject section */

/* Begin PBXResourcesBuildPhase section */
		8F71FA7C28C0E21700079195 /* Resources */ = {
			isa = PBXResourcesBuildPhase;
			buildActionMask = 2147483647;
			files = (
				8F71FA8928C0E21800079195 /* Preview Assets.xcassets in Resources */,
				8F71FA8628C0E21800079195 /* Assets.xcassets in Resources */,
			);
			runOnlyForDeploymentPostprocessing = 0;
		};
		8F71FA8C28C0E21800079195 /* Resources */ = {
			isa = PBXResourcesBuildPhase;
			buildActionMask = 2147483647;
			files = (
			);
			runOnlyForDeploymentPostprocessing = 0;
		};
		8F71FA9628C0E21800079195 /* Resources */ = {
			isa = PBXResourcesBuildPhase;
			buildActionMask = 2147483647;
			files = (
			);
			runOnlyForDeploymentPostprocessing = 0;
		};
/* End PBXResourcesBuildPhase section */

/* Begin PBXSourcesBuildPhase section */
		8F71FA7A28C0E21700079195 /* Sources */ = {
			isa = PBXSourcesBuildPhase;
			buildActionMask = 2147483647;
			files = (
				8FA4765E28C7768200986524 /* FirstView.swift in Sources */,
				A0AFD19728C6244F00E354C1 /* groupView.swift in Sources */,
				8FA4766228C7769500986524 /* ItemView.swift in Sources */,
				8F71FA8228C0E21700079195 /* accounting_book_appApp.swift in Sources */,
				8FFE30D528C0E40800D8A66D /* creatFile.swift in Sources */,
				A0AFD19528C6244600E354C1 /* Home.swift in Sources */,
				8FFE30D728C0E48D00D8A66D /* peopleStruct.swift in Sources */,
				8F1A7D9028E5C5CE00F28ACE /* addItemView.swift in Sources */,
				A0AFD18F28C6226000E354C1 /* addGroup.swift in Sources */,
				A0AFD19128C6232100E354C1 /* groupStruct.swift in Sources */,
				8F71B4A728E8830500325F5E /* addGroupView.swift in Sources */,
				8F71B4B328EB389E00325F5E /* addPeopleView.swift in Sources */,
				A0AFD19328C6232F00E354C1 /* itemStruct.swift in Sources */,
				8F71B4A928E8863700325F5E /* userDataStruct.swift in Sources */,
			);
			runOnlyForDeploymentPostprocessing = 0;
		};
		8F71FA8A28C0E21800079195 /* Sources */ = {
			isa = PBXSourcesBuildPhase;
			buildActionMask = 2147483647;
			files = (
				8F71FA9328C0E21800079195 /* accounting_book_appTests.swift in Sources */,
			);
			runOnlyForDeploymentPostprocessing = 0;
		};
		8F71FA9428C0E21800079195 /* Sources */ = {
			isa = PBXSourcesBuildPhase;
			buildActionMask = 2147483647;
			files = (
				8F71FA9F28C0E21800079195 /* accounting_book_appUITestsLaunchTests.swift in Sources */,
				8F71FA9D28C0E21800079195 /* accounting_book_appUITests.swift in Sources */,
			);
			runOnlyForDeploymentPostprocessing = 0;
		};
/* End PBXSourcesBuildPhase section */

/* Begin PBXTargetDependency section */
		8F71FA9028C0E21800079195 /* PBXTargetDependency */ = {
			isa = PBXTargetDependency;
			target = 8F71FA7D28C0E21700079195 /* accounting_book_app */;
			targetProxy = 8F71FA8F28C0E21800079195 /* PBXContainerItemProxy */;
		};
		8F71FA9A28C0E21800079195 /* PBXTargetDependency */ = {
			isa = PBXTargetDependency;
			target = 8F71FA7D28C0E21700079195 /* accounting_book_app */;
			targetProxy = 8F71FA9928C0E21800079195 /* PBXContainerItemProxy */;
		};
/* End PBXTargetDependency section */

/* Begin XCBuildConfiguration section */
		8F71FAA028C0E21800079195 /* Debug */ = {
			isa = XCBuildConfiguration;
			buildSettings = {
				ALWAYS_SEARCH_USER_PATHS = NO;
				CLANG_ANALYZER_NONNULL = YES;
				CLANG_ANALYZER_NUMBER_OBJECT_CONVERSION = YES_AGGRESSIVE;
				CLANG_CXX_LANGUAGE_STANDARD = "gnu++17";
				CLANG_ENABLE_MODULES = YES;
				CLANG_ENABLE_OBJC_ARC = YES;
				CLANG_ENABLE_OBJC_WEAK = YES;
				CLANG_WARN_BLOCK_CAPTURE_AUTORELEASING = YES;
				CLANG_WARN_BOOL_CONVERSION = YES;
				CLANG_WARN_COMMA = YES;
				CLANG_WARN_CONSTANT_CONVERSION = YES;
				CLANG_WARN_DEPRECATED_OBJC_IMPLEMENTATIONS = YES;
				CLANG_WARN_DIRECT_OBJC_ISA_USAGE = YES_ERROR;
				CLANG_WARN_DOCUMENTATION_COMMENTS = YES;
				CLANG_WARN_EMPTY_BODY = YES;
				CLANG_WARN_ENUM_CONVERSION = YES;
				CLANG_WARN_INFINITE_RECURSION = YES;
				CLANG_WARN_INT_CONVERSION = YES;
				CLANG_WARN_NON_LITERAL_NULL_CONVERSION = YES;
				CLANG_WARN_OBJC_IMPLICIT_RETAIN_SELF = YES;
				CLANG_WARN_OBJC_LITERAL_CONVERSION = YES;
				CLANG_WARN_OBJC_ROOT_CLASS = YES_ERROR;
				CLANG_WARN_QUOTED_INCLUDE_IN_FRAMEWORK_HEADER = YES;
				CLANG_WARN_RANGE_LOOP_ANALYSIS = YES;
				CLANG_WARN_STRICT_PROTOTYPES = YES;
				CLANG_WARN_SUSPICIOUS_MOVE = YES;
				CLANG_WARN_UNGUARDED_AVAILABILITY = YES_AGGRESSIVE;
				CLANG_WARN_UNREACHABLE_CODE = YES;
				CLANG_WARN__DUPLICATE_METHOD_MATCH = YES;
				COPY_PHASE_STRIP = NO;
				DEBUG_INFORMATION_FORMAT = dwarf;
				ENABLE_STRICT_OBJC_MSGSEND = YES;
				ENABLE_TESTABILITY = YES;
				GCC_C_LANGUAGE_STANDARD = gnu11;
				GCC_DYNAMIC_NO_PIC = NO;
				GCC_NO_COMMON_BLOCKS = YES;
				GCC_OPTIMIZATION_LEVEL = 0;
				GCC_PREPROCESSOR_DEFINITIONS = (
					"DEBUG=1",
					"$(inherited)",
				);
				GCC_WARN_64_TO_32_BIT_CONVERSION = YES;
				GCC_WARN_ABOUT_RETURN_TYPE = YES_ERROR;
				GCC_WARN_UNDECLARED_SELECTOR = YES;
				GCC_WARN_UNINITIALIZED_AUTOS = YES_AGGRESSIVE;
				GCC_WARN_UNUSED_FUNCTION = YES;
				GCC_WARN_UNUSED_VARIABLE = YES;
				IPHONEOS_DEPLOYMENT_TARGET = 15.5;
				MTL_ENABLE_DEBUG_INFO = INCLUDE_SOURCE;
				MTL_FAST_MATH = YES;
				ONLY_ACTIVE_ARCH = YES;
				SDKROOT = iphoneos;
				SWIFT_ACTIVE_COMPILATION_CONDITIONS = DEBUG;
				SWIFT_OPTIMIZATION_LEVEL = "-Onone";
			};
			name = Debug;
		};
		8F71FAA128C0E21800079195 /* Release */ = {
			isa = XCBuildConfiguration;
			buildSettings = {
				ALWAYS_SEARCH_USER_PATHS = NO;
				CLANG_ANALYZER_NONNULL = YES;
				CLANG_ANALYZER_NUMBER_OBJECT_CONVERSION = YES_AGGRESSIVE;
				CLANG_CXX_LANGUAGE_STANDARD = "gnu++17";
				CLANG_ENABLE_MODULES = YES;
				CLANG_ENABLE_OBJC_ARC = YES;
				CLANG_ENABLE_OBJC_WEAK = YES;
				CLANG_WARN_BLOCK_CAPTURE_AUTORELEASING = YES;
				CLANG_WARN_BOOL_CONVERSION = YES;
				CLANG_WARN_COMMA = YES;
				CLANG_WARN_CONSTANT_CONVERSION = YES;
				CLANG_WARN_DEPRECATED_OBJC_IMPLEMENTATIONS = YES;
				CLANG_WARN_DIRECT_OBJC_ISA_USAGE = YES_ERROR;
				CLANG_WARN_DOCUMENTATION_COMMENTS = YES;
				CLANG_WARN_EMPTY_BODY = YES;
				CLANG_WARN_ENUM_CONVERSION = YES;
				CLANG_WARN_INFINITE_RECURSION = YES;
				CLANG_WARN_INT_CONVERSION = YES;
				CLANG_WARN_NON_LITERAL_NULL_CONVERSION = YES;
				CLANG_WARN_OBJC_IMPLICIT_RETAIN_SELF = YES;
				CLANG_WARN_OBJC_LITERAL_CONVERSION = YES;
				CLANG_WARN_OBJC_ROOT_CLASS = YES_ERROR;
				CLANG_WARN_QUOTED_INCLUDE_IN_FRAMEWORK_HEADER = YES;
				CLANG_WARN_RANGE_LOOP_ANALYSIS = YES;
				CLANG_WARN_STRICT_PROTOTYPES = YES;
				CLANG_WARN_SUSPICIOUS_MOVE = YES;
				CLANG_WARN_UNGUARDED_AVAILABILITY = YES_AGGRESSIVE;
				CLANG_WARN_UNREACHABLE_CODE = YES;
				CLANG_WARN__DUPLICATE_METHOD_MATCH = YES;
				COPY_PHASE_STRIP = NO;
				DEBUG_INFORMATION_FORMAT = "dwarf-with-dsym";
				ENABLE_NS_ASSERTIONS = NO;
				ENABLE_STRICT_OBJC_MSGSEND = YES;
				GCC_C_LANGUAGE_STANDARD = gnu11;
				GCC_NO_COMMON_BLOCKS = YES;
				GCC_WARN_64_TO_32_BIT_CONVERSION = YES;
				GCC_WARN_ABOUT_RETURN_TYPE = YES_ERROR;
				GCC_WARN_UNDECLARED_SELECTOR = YES;
				GCC_WARN_UNINITIALIZED_AUTOS = YES_AGGRESSIVE;
				GCC_WARN_UNUSED_FUNCTION = YES;
				GCC_WARN_UNUSED_VARIABLE = YES;
				IPHONEOS_DEPLOYMENT_TARGET = 15.5;
				MTL_ENABLE_DEBUG_INFO = NO;
				MTL_FAST_MATH = YES;
				SDKROOT = iphoneos;
				SWIFT_COMPILATION_MODE = wholemodule;
				SWIFT_OPTIMIZATION_LEVEL = "-O";
				VALIDATE_PRODUCT = YES;
			};
			name = Release;
		};
		8F71FAA328C0E21800079195 /* Debug */ = {
			isa = XCBuildConfiguration;
			buildSettings = {
				ASSETCATALOG_COMPILER_APPICON_NAME = AppIcon;
				ASSETCATALOG_COMPILER_GLOBAL_ACCENT_COLOR_NAME = AccentColor;
				CODE_SIGN_STYLE = Automatic;
				CURRENT_PROJECT_VERSION = 1;
				DEVELOPMENT_ASSET_PATHS = "\"accounting_book_app/Preview Content\"";
				DEVELOPMENT_TEAM = 3V87BMMZ4A;
				ENABLE_PREVIEWS = YES;
				GENERATE_INFOPLIST_FILE = YES;
				INFOPLIST_KEY_UIApplicationSceneManifest_Generation = YES;
				INFOPLIST_KEY_UIApplicationSupportsIndirectInputEvents = YES;
				INFOPLIST_KEY_UILaunchScreen_Generation = YES;
				INFOPLIST_KEY_UISupportedInterfaceOrientations_iPad = "UIInterfaceOrientationPortrait UIInterfaceOrientationPortraitUpsideDown UIInterfaceOrientationLandscapeLeft UIInterfaceOrientationLandscapeRight";
				INFOPLIST_KEY_UISupportedInterfaceOrientations_iPhone = "UIInterfaceOrientationPortrait UIInterfaceOrientationLandscapeLeft UIInterfaceOrientationLandscapeRight";
				LD_RUNPATH_SEARCH_PATHS = (
					"$(inherited)",
					"@executable_path/Frameworks",
				);
				MARKETING_VERSION = 1.0;
				PRODUCT_BUNDLE_IDENTIFIER = "home.accounting-book-app";
				PRODUCT_NAME = "$(TARGET_NAME)";
				SWIFT_EMIT_LOC_STRINGS = YES;
				SWIFT_VERSION = 5.0;
				TARGETED_DEVICE_FAMILY = "1,2";
			};
			name = Debug;
		};
		8F71FAA428C0E21800079195 /* Release */ = {
			isa = XCBuildConfiguration;
			buildSettings = {
				ASSETCATALOG_COMPILER_APPICON_NAME = AppIcon;
				ASSETCATALOG_COMPILER_GLOBAL_ACCENT_COLOR_NAME = AccentColor;
				CODE_SIGN_STYLE = Automatic;
				CURRENT_PROJECT_VERSION = 1;
				DEVELOPMENT_ASSET_PATHS = "\"accounting_book_app/Preview Content\"";
				DEVELOPMENT_TEAM = 3V87BMMZ4A;
				ENABLE_PREVIEWS = YES;
				GENERATE_INFOPLIST_FILE = YES;
				INFOPLIST_KEY_UIApplicationSceneManifest_Generation = YES;
				INFOPLIST_KEY_UIApplicationSupportsIndirectInputEvents = YES;
				INFOPLIST_KEY_UILaunchScreen_Generation = YES;
				INFOPLIST_KEY_UISupportedInterfaceOrientations_iPad = "UIInterfaceOrientationPortrait UIInterfaceOrientationPortraitUpsideDown UIInterfaceOrientationLandscapeLeft UIInterfaceOrientationLandscapeRight";
				INFOPLIST_KEY_UISupportedInterfaceOrientations_iPhone = "UIInterfaceOrientationPortrait UIInterfaceOrientationLandscapeLeft UIInterfaceOrientationLandscapeRight";
				LD_RUNPATH_SEARCH_PATHS = (
					"$(inherited)",
					"@executable_path/Frameworks",
				);
				MARKETING_VERSION = 1.0;
				PRODUCT_BUNDLE_IDENTIFIER = "home.accounting-book-app";
				PRODUCT_NAME = "$(TARGET_NAME)";
				SWIFT_EMIT_LOC_STRINGS = YES;
				SWIFT_VERSION = 5.0;
				TARGETED_DEVICE_FAMILY = "1,2";
			};
			name = Release;
		};
		8F71FAA628C0E21800079195 /* Debug */ = {
			isa = XCBuildConfiguration;
			buildSettings = {
				ALWAYS_EMBED_SWIFT_STANDARD_LIBRARIES = YES;
				BUNDLE_LOADER = "$(TEST_HOST)";
				CODE_SIGN_STYLE = Automatic;
				CURRENT_PROJECT_VERSION = 1;
				DEVELOPMENT_TEAM = 3V87BMMZ4A;
				GENERATE_INFOPLIST_FILE = YES;
				IPHONEOS_DEPLOYMENT_TARGET = 15.5;
				MARKETING_VERSION = 1.0;
				PRODUCT_BUNDLE_IDENTIFIER = "home.accounting-book-appTests";
				PRODUCT_NAME = "$(TARGET_NAME)";
				SWIFT_EMIT_LOC_STRINGS = NO;
				SWIFT_VERSION = 5.0;
				TARGETED_DEVICE_FAMILY = "1,2";
				TEST_HOST = "$(BUILT_PRODUCTS_DIR)/accounting_book_app.app/accounting_book_app";
			};
			name = Debug;
		};
		8F71FAA728C0E21800079195 /* Release */ = {
			isa = XCBuildConfiguration;
			buildSettings = {
				ALWAYS_EMBED_SWIFT_STANDARD_LIBRARIES = YES;
				BUNDLE_LOADER = "$(TEST_HOST)";
				CODE_SIGN_STYLE = Automatic;
				CURRENT_PROJECT_VERSION = 1;
				DEVELOPMENT_TEAM = 3V87BMMZ4A;
				GENERATE_INFOPLIST_FILE = YES;
				IPHONEOS_DEPLOYMENT_TARGET = 15.5;
				MARKETING_VERSION = 1.0;
				PRODUCT_BUNDLE_IDENTIFIER = "home.accounting-book-appTests";
				PRODUCT_NAME = "$(TARGET_NAME)";
				SWIFT_EMIT_LOC_STRINGS = NO;
				SWIFT_VERSION = 5.0;
				TARGETED_DEVICE_FAMILY = "1,2";
				TEST_HOST = "$(BUILT_PRODUCTS_DIR)/accounting_book_app.app/accounting_book_app";
			};
			name = Release;
		};
		8F71FAA928C0E21800079195 /* Debug */ = {
			isa = XCBuildConfiguration;
			buildSettings = {
				ALWAYS_EMBED_SWIFT_STANDARD_LIBRARIES = YES;
				CODE_SIGN_STYLE = Automatic;
				CURRENT_PROJECT_VERSION = 1;
				DEVELOPMENT_TEAM = 3V87BMMZ4A;
				GENERATE_INFOPLIST_FILE = YES;
				MARKETING_VERSION = 1.0;
				PRODUCT_BUNDLE_IDENTIFIER = "home.accounting-book-appUITests";
				PRODUCT_NAME = "$(TARGET_NAME)";
				SWIFT_EMIT_LOC_STRINGS = NO;
				SWIFT_VERSION = 5.0;
				TARGETED_DEVICE_FAMILY = "1,2";
				TEST_TARGET_NAME = accounting_book_app;
			};
			name = Debug;
		};
		8F71FAAA28C0E21800079195 /* Release */ = {
			isa = XCBuildConfiguration;
			buildSettings = {
				ALWAYS_EMBED_SWIFT_STANDARD_LIBRARIES = YES;
				CODE_SIGN_STYLE = Automatic;
				CURRENT_PROJECT_VERSION = 1;
				DEVELOPMENT_TEAM = 3V87BMMZ4A;
				GENERATE_INFOPLIST_FILE = YES;
				MARKETING_VERSION = 1.0;
				PRODUCT_BUNDLE_IDENTIFIER = "home.accounting-book-appUITests";
				PRODUCT_NAME = "$(TARGET_NAME)";
				SWIFT_EMIT_LOC_STRINGS = NO;
				SWIFT_VERSION = 5.0;
				TARGETED_DEVICE_FAMILY = "1,2";
				TEST_TARGET_NAME = accounting_book_app;
			};
			name = Release;
		};
/* End XCBuildConfiguration section */

/* Begin XCConfigurationList section */
		8F71FA7928C0E21700079195 /* Build configuration list for PBXProject "accounting_book_app" */ = {
			isa = XCConfigurationList;
			buildConfigurations = (
				8F71FAA028C0E21800079195 /* Debug */,
				8F71FAA128C0E21800079195 /* Release */,
			);
			defaultConfigurationIsVisible = 0;
			defaultConfigurationName = Release;
		};
		8F71FAA228C0E21800079195 /* Build configuration list for PBXNativeTarget "accounting_book_app" */ = {
			isa = XCConfigurationList;
			buildConfigurations = (
				8F71FAA328C0E21800079195 /* Debug */,
				8F71FAA428C0E21800079195 /* Release */,
			);
			defaultConfigurationIsVisible = 0;
			defaultConfigurationName = Release;
		};
		8F71FAA528C0E21800079195 /* Build configuration list for PBXNativeTarget "accounting_book_appTests" */ = {
			isa = XCConfigurationList;
			buildConfigurations = (
				8F71FAA628C0E21800079195 /* Debug */,
				8F71FAA728C0E21800079195 /* Release */,
			);
			defaultConfigurationIsVisible = 0;
			defaultConfigurationName = Release;
		};
		8F71FAA828C0E21800079195 /* Build configuration list for PBXNativeTarget "accounting_book_appUITests" */ = {
			isa = XCConfigurationList;
			buildConfigurations = (
				8F71FAA928C0E21800079195 /* Debug */,
				8F71FAAA28C0E21800079195 /* Release */,
			);
			defaultConfigurationIsVisible = 0;
			defaultConfigurationName = Release;
		};
/* End XCConfigurationList section */
	};
	rootObject = 8F71FA7628C0E21700079195 /* Project object */;
}
